
Microsoft Visual Studio Solution File, Format Version 12.00
# Visual Studio 2013
VisualStudioVersion = 12.0.40629.0
MinimumVisualStudioVersion = 10.0.40219.1
Project("{FAE04EC0-301F-11D3-BF4B-00C04F79EFBC}") = "home_work_5", "home_work_5\home_work_5.csproj", "{76A23A9A-2B60-4D18-A112-FCBAACDE6682}"
EndProject
Project("{FAE04EC0-301F-11D3-BF4B-00C04F79EFBC}") = "RegUrlParserTest", "RegUrlParserTest\RegUrlParserTest.csproj", "{5C41BCDD-1C6E-49AC-B4EE-F91E99E60171}"
EndProject
Project("{2150E333-8FDC-42A3-9474-1A3956D46DE8}") = ".nuget", ".nuget", "{6A9E2D7D-1B50-44DF-8F8E-44AC4DCDB12C}"
	ProjectSection(SolutionItems) = preProject
		.nuget\packages.config = .nuget\packages.config
	EndProjectSection
EndProject
Global
	GlobalSection(SolutionConfigurationPlatforms) = preSolution
		Debug|Any CPU = Debug|Any CPU
		Release|Any CPU = Release|Any CPU
	EndGlobalSection
	GlobalSection(ProjectConfigurationPlatforms) = postSolution
		{76A23A9A-2B60-4D18-A112-FCBAACDE6682}.Debug|Any CPU.ActiveCfg = Debug|Any CPU
		{76A23A9A-2B60-4D18-A112-FCBAACDE6682}.Debug|Any CPU.Build.0 = Debug|Any CPU
		{76A23A9A-2B60-4D18-A112-FCBAACDE6682}.Release|Any CPU.ActiveCfg = Release|Any CPU
		{76A23A9A-2B60-4D18-A112-FCBAACDE6682}.Release|Any CPU.Build.0 = Release|Any CPU
		{5C41BCDD-1C6E-49AC-B4EE-F91E99E60171}.Debug|Any CPU.ActiveCfg = Debug|Any CPU
		{5C41BCDD-1C6E-49AC-B4EE-F91E99E60171}.Debug|Any CPU.Build.0 = Debug|Any CPU
		{5C41BCDD-1C6E-49AC-B4EE-F91E99E60171}.Release|Any CPU.ActiveCfg = Release|Any CPU
		{5C41BCDD-1C6E-49AC-B4EE-F91E99E60171}.Release|Any CPU.Build.0 = Release|Any CPU
	EndGlobalSection
	GlobalSection(SolutionProperties) = preSolution
		HideSolutionNode = FALSE
	EndGlobalSection
EndGlobal
