
Microsoft Visual Studio Solution File, Format Version 12.00
# Visual Studio 2013
VisualStudioVersion = 12.0.40629.0
MinimumVisualStudioVersion = 10.0.40219.1
Project("{FAE04EC0-301F-11D3-BF4B-00C04F79EFBC}") = "home_work_3", "home_work_3\home_work_3.csproj", "{8B7573E2-3724-4B7E-80FB-FCA11B7D6896}"
EndProject
Project("{FAE04EC0-301F-11D3-BF4B-00C04F79EFBC}") = "CircularList", "CircularList\CircularList.csproj", "{130BD8A6-03C4-4B2B-A047-D3DDF40C727D}"
EndProject
Project("{FAE04EC0-301F-11D3-BF4B-00C04F79EFBC}") = "CurcularListTests", "CurcularListTests\CurcularListTests.csproj", "{4B02B910-5580-4807-B186-FF5632BC2AF1}"
EndProject
Global
	GlobalSection(SolutionConfigurationPlatforms) = preSolution
		Debug|Any CPU = Debug|Any CPU
		Release|Any CPU = Release|Any CPU
	EndGlobalSection
	GlobalSection(ProjectConfigurationPlatforms) = postSolution
		{8B7573E2-3724-4B7E-80FB-FCA11B7D6896}.Debug|Any CPU.ActiveCfg = Debug|Any CPU
		{8B7573E2-3724-4B7E-80FB-FCA11B7D6896}.Debug|Any CPU.Build.0 = Debug|Any CPU
		{8B7573E2-3724-4B7E-80FB-FCA11B7D6896}.Release|Any CPU.ActiveCfg = Release|Any CPU
		{8B7573E2-3724-4B7E-80FB-FCA11B7D6896}.Release|Any CPU.Build.0 = Release|Any CPU
		{130BD8A6-03C4-4B2B-A047-D3DDF40C727D}.Debug|Any CPU.ActiveCfg = Debug|Any CPU
		{130BD8A6-03C4-4B2B-A047-D3DDF40C727D}.Debug|Any CPU.Build.0 = Debug|Any CPU
		{130BD8A6-03C4-4B2B-A047-D3DDF40C727D}.Release|Any CPU.ActiveCfg = Release|Any CPU
		{130BD8A6-03C4-4B2B-A047-D3DDF40C727D}.Release|Any CPU.Build.0 = Release|Any CPU
		{4B02B910-5580-4807-B186-FF5632BC2AF1}.Debug|Any CPU.ActiveCfg = Debug|Any CPU
		{4B02B910-5580-4807-B186-FF5632BC2AF1}.Debug|Any CPU.Build.0 = Debug|Any CPU
		{4B02B910-5580-4807-B186-FF5632BC2AF1}.Release|Any CPU.ActiveCfg = Release|Any CPU
		{4B02B910-5580-4807-B186-FF5632BC2AF1}.Release|Any CPU.Build.0 = Release|Any CPU
	EndGlobalSection
	GlobalSection(SolutionProperties) = preSolution
		HideSolutionNode = FALSE
	EndGlobalSection
EndGlobal
