
Microsoft Visual Studio Solution File, Format Version 12.00
# Visual Studio 2013
VisualStudioVersion = 12.0.40629.0
MinimumVisualStudioVersion = 10.0.40219.1
Project("{FAE04EC0-301F-11D3-BF4B-00C04F79EFBC}") = "home_work_7", "home_work_7\home_work_7.csproj", "{A3692028-AAAC-453A-97A5-F9C9071395E7}"
EndProject
Project("{FAE04EC0-301F-11D3-BF4B-00C04F79EFBC}") = "ServerApp", "ServerApp\ServerApp.csproj", "{C041E235-0AE6-4A1A-B124-7B9E8EA5712D}"
EndProject
Project("{FAE04EC0-301F-11D3-BF4B-00C04F79EFBC}") = "MessageLib", "MessageLib\MessageLib.csproj", "{C618CA0E-A4D8-48D4-A731-4152FDB79CEA}"
EndProject
Global
	GlobalSection(SolutionConfigurationPlatforms) = preSolution
		Debug|Any CPU = Debug|Any CPU
		Release|Any CPU = Release|Any CPU
	EndGlobalSection
	GlobalSection(ProjectConfigurationPlatforms) = postSolution
		{A3692028-AAAC-453A-97A5-F9C9071395E7}.Debug|Any CPU.ActiveCfg = Debug|Any CPU
		{A3692028-AAAC-453A-97A5-F9C9071395E7}.Debug|Any CPU.Build.0 = Debug|Any CPU
		{A3692028-AAAC-453A-97A5-F9C9071395E7}.Release|Any CPU.ActiveCfg = Release|Any CPU
		{A3692028-AAAC-453A-97A5-F9C9071395E7}.Release|Any CPU.Build.0 = Release|Any CPU
		{C041E235-0AE6-4A1A-B124-7B9E8EA5712D}.Debug|Any CPU.ActiveCfg = Debug|Any CPU
		{C041E235-0AE6-4A1A-B124-7B9E8EA5712D}.Debug|Any CPU.Build.0 = Debug|Any CPU
		{C041E235-0AE6-4A1A-B124-7B9E8EA5712D}.Release|Any CPU.ActiveCfg = Release|Any CPU
		{C041E235-0AE6-4A1A-B124-7B9E8EA5712D}.Release|Any CPU.Build.0 = Release|Any CPU
		{C618CA0E-A4D8-48D4-A731-4152FDB79CEA}.Debug|Any CPU.ActiveCfg = Debug|Any CPU
		{C618CA0E-A4D8-48D4-A731-4152FDB79CEA}.Debug|Any CPU.Build.0 = Debug|Any CPU
		{C618CA0E-A4D8-48D4-A731-4152FDB79CEA}.Release|Any CPU.ActiveCfg = Release|Any CPU
		{C618CA0E-A4D8-48D4-A731-4152FDB79CEA}.Release|Any CPU.Build.0 = Release|Any CPU
	EndGlobalSection
	GlobalSection(SolutionProperties) = preSolution
		HideSolutionNode = FALSE
	EndGlobalSection
EndGlobal
