
Microsoft Visual Studio Solution File, Format Version 12.00
# Visual Studio 2013
VisualStudioVersion = 12.0.40629.0
MinimumVisualStudioVersion = 10.0.40219.1
Project("{FAE04EC0-301F-11D3-BF4B-00C04F79EFBC}") = "ClassLibrary", "ClassLibrary\ClassLibrary.csproj", "{F4DD7394-8227-4F58-A438-1CB4559C1DB3}"
EndProject
Project("{FAE04EC0-301F-11D3-BF4B-00C04F79EFBC}") = "TestApplication", "TestApplication\TestApplication.csproj", "{059B3DA3-0117-4B65-8675-B8377ADD707B}"
EndProject
Project("{FAE04EC0-301F-11D3-BF4B-00C04F79EFBC}") = "PlayerTests", "PlayerTests\PlayerTests.csproj", "{4E1400DC-F19A-4574-B3D3-3F43D69AB9DF}"
EndProject
Project("{FAE04EC0-301F-11D3-BF4B-00C04F79EFBC}") = "PlayerLibNUnitTest", "PlayerLibNUnitTest\PlayerLibNUnitTest.csproj", "{0D0173FA-2482-4DD1-9DF1-AFEE4CF138C1}"
EndProject
Global
	GlobalSection(SolutionConfigurationPlatforms) = preSolution
		Debug|Any CPU = Debug|Any CPU
		Release|Any CPU = Release|Any CPU
	EndGlobalSection
	GlobalSection(ProjectConfigurationPlatforms) = postSolution
		{F4DD7394-8227-4F58-A438-1CB4559C1DB3}.Debug|Any CPU.ActiveCfg = Debug|Any CPU
		{F4DD7394-8227-4F58-A438-1CB4559C1DB3}.Debug|Any CPU.Build.0 = Debug|Any CPU
		{F4DD7394-8227-4F58-A438-1CB4559C1DB3}.Release|Any CPU.ActiveCfg = Release|Any CPU
		{F4DD7394-8227-4F58-A438-1CB4559C1DB3}.Release|Any CPU.Build.0 = Release|Any CPU
		{059B3DA3-0117-4B65-8675-B8377ADD707B}.Debug|Any CPU.ActiveCfg = Debug|Any CPU
		{059B3DA3-0117-4B65-8675-B8377ADD707B}.Debug|Any CPU.Build.0 = Debug|Any CPU
		{059B3DA3-0117-4B65-8675-B8377ADD707B}.Release|Any CPU.ActiveCfg = Release|Any CPU
		{059B3DA3-0117-4B65-8675-B8377ADD707B}.Release|Any CPU.Build.0 = Release|Any CPU
		{4E1400DC-F19A-4574-B3D3-3F43D69AB9DF}.Debug|Any CPU.ActiveCfg = Debug|Any CPU
		{4E1400DC-F19A-4574-B3D3-3F43D69AB9DF}.Debug|Any CPU.Build.0 = Debug|Any CPU
		{4E1400DC-F19A-4574-B3D3-3F43D69AB9DF}.Release|Any CPU.ActiveCfg = Release|Any CPU
		{4E1400DC-F19A-4574-B3D3-3F43D69AB9DF}.Release|Any CPU.Build.0 = Release|Any CPU
		{0D0173FA-2482-4DD1-9DF1-AFEE4CF138C1}.Debug|Any CPU.ActiveCfg = Debug|Any CPU
		{0D0173FA-2482-4DD1-9DF1-AFEE4CF138C1}.Debug|Any CPU.Build.0 = Debug|Any CPU
		{0D0173FA-2482-4DD1-9DF1-AFEE4CF138C1}.Release|Any CPU.ActiveCfg = Release|Any CPU
		{0D0173FA-2482-4DD1-9DF1-AFEE4CF138C1}.Release|Any CPU.Build.0 = Release|Any CPU
	EndGlobalSection
	GlobalSection(SolutionProperties) = preSolution
		HideSolutionNode = FALSE
	EndGlobalSection
EndGlobal
